
Microsoft Visual Studio Solution File, Format Version 12.00
# Visual Studio Version 17
VisualStudioVersion = 17.9.34616.47
MinimumVisualStudioVersion = 10.0.40219.1
Project("{FAE04EC0-301F-11D3-BF4B-00C04F79EFBC}") = "tpmodul8_1302223137", "tpmodul8_1302223137\tpmodul8_1302223137.csproj", "{E3434236-A5BC-4EEC-8D1F-BCB3F6F2776E}"
EndProject
Global
	GlobalSection(SolutionConfigurationPlatforms) = preSolution
		Debug|Any CPU = Debug|Any CPU
		Release|Any CPU = Release|Any CPU
	EndGlobalSection
	GlobalSection(ProjectConfigurationPlatforms) = postSolution
		{E3434236-A5BC-4EEC-8D1F-BCB3F6F2776E}.Debug|Any CPU.ActiveCfg = Debug|Any CPU
		{E3434236-A5BC-4EEC-8D1F-BCB3F6F2776E}.Debug|Any CPU.Build.0 = Debug|Any CPU
		{E3434236-A5BC-4EEC-8D1F-BCB3F6F2776E}.Release|Any CPU.ActiveCfg = Release|Any CPU
		{E3434236-A5BC-4EEC-8D1F-BCB3F6F2776E}.Release|Any CPU.Build.0 = Release|Any CPU
	EndGlobalSection
	GlobalSection(SolutionProperties) = preSolution
		HideSolutionNode = FALSE
	EndGlobalSection
	GlobalSection(ExtensibilityGlobals) = postSolution
		SolutionGuid = {27ECBAB6-59E6-4E22-8748-D32E826DF3EA}
	EndGlobalSection
EndGlobal
